
Microsoft Visual Studio Solution File, Format Version 12.00
Project("{FAE04EC0-301F-11D3-BF4B-00C04F79EFBC}") = "TriangoloDiTartaglia", "TriangoloDiTartaglia\TriangoloDiTartaglia.csproj", "{7138DCBA-1075-4890-89DC-C0945B6B43DB}"
EndProject
Global
	GlobalSection(SolutionConfigurationPlatforms) = preSolution
		Debug|Any CPU = Debug|Any CPU
		Release|Any CPU = Release|Any CPU
	EndGlobalSection
	GlobalSection(ProjectConfigurationPlatforms) = postSolution
		{7138DCBA-1075-4890-89DC-C0945B6B43DB}.Debug|Any CPU.ActiveCfg = Debug|Any CPU
		{7138DCBA-1075-4890-89DC-C0945B6B43DB}.Debug|Any CPU.Build.0 = Debug|Any CPU
		{7138DCBA-1075-4890-89DC-C0945B6B43DB}.Release|Any CPU.ActiveCfg = Release|Any CPU
		{7138DCBA-1075-4890-89DC-C0945B6B43DB}.Release|Any CPU.Build.0 = Release|Any CPU
	EndGlobalSection
EndGlobal
